
Microsoft Visual Studio Solution File, Format Version 12.00
# Visual Studio Version 16
VisualStudioVersion = 16.0.29728.190
MinimumVisualStudioVersion = 10.0.40219.1
Project("{FAE04EC0-301F-11D3-BF4B-00C04F79EFBC}") = "Algorithm", "Algorithm\Algorithm.csproj", "{E8144524-308A-461E-A0CE-D54882FBE2BD}"
EndProject
Global
	GlobalSection(SolutionConfigurationPlatforms) = preSolution
		Debug|Any CPU = Debug|Any CPU
		Release|Any CPU = Release|Any CPU
	EndGlobalSection
	GlobalSection(ProjectConfigurationPlatforms) = postSolution
		{E8144524-308A-461E-A0CE-D54882FBE2BD}.Debug|Any CPU.ActiveCfg = Debug|Any CPU
		{E8144524-308A-461E-A0CE-D54882FBE2BD}.Debug|Any CPU.Build.0 = Debug|Any CPU
		{E8144524-308A-461E-A0CE-D54882FBE2BD}.Release|Any CPU.ActiveCfg = Release|Any CPU
		{E8144524-308A-461E-A0CE-D54882FBE2BD}.Release|Any CPU.Build.0 = Release|Any CPU
	EndGlobalSection
	GlobalSection(SolutionProperties) = preSolution
		HideSolutionNode = FALSE
	EndGlobalSection
	GlobalSection(ExtensibilityGlobals) = postSolution
		SolutionGuid = {484A8D47-0A63-4F10-A412-2782FEC9076C}
	EndGlobalSection
EndGlobal
